
Microsoft Visual Studio Solution File, Format Version 12.00
# Visual Studio Version 16
VisualStudioVersion = 16.0.809.2
MinimumVisualStudioVersion = 10.0.40219.1
Project("{FAE04EC0-301F-11D3-BF4B-00C04F79EFBC}") = "PhotoApp", "PhotoApp\PhotoApp.csproj", "{20625AAD-7ACF-4A15-92F9-9C1AEA3F5DEA}"
EndProject
Project("{FAE04EC0-301F-11D3-BF4B-00C04F79EFBC}") = "PhotoAppLibrary", "PhotoAppLibrary\PhotoAppLibrary.csproj", "{8B0490E0-1C36-4202-B063-8BA554195501}"
EndProject
Project("{FAE04EC0-301F-11D3-BF4B-00C04F79EFBC}") = "PhotoAppTests", "PhotoAppTests\PhotoAppTests.csproj", "{8987B8C5-5557-41BE-919A-D0CFE297AEBD}"
EndProject
Global
	GlobalSection(SolutionConfigurationPlatforms) = preSolution
		Debug|Any CPU = Debug|Any CPU
		Release|Any CPU = Release|Any CPU
	EndGlobalSection
	GlobalSection(ProjectConfigurationPlatforms) = postSolution
		{20625AAD-7ACF-4A15-92F9-9C1AEA3F5DEA}.Debug|Any CPU.ActiveCfg = Debug|Any CPU
		{20625AAD-7ACF-4A15-92F9-9C1AEA3F5DEA}.Debug|Any CPU.Build.0 = Debug|Any CPU
		{20625AAD-7ACF-4A15-92F9-9C1AEA3F5DEA}.Release|Any CPU.ActiveCfg = Release|Any CPU
		{20625AAD-7ACF-4A15-92F9-9C1AEA3F5DEA}.Release|Any CPU.Build.0 = Release|Any CPU
		{8B0490E0-1C36-4202-B063-8BA554195501}.Debug|Any CPU.ActiveCfg = Debug|Any CPU
		{8B0490E0-1C36-4202-B063-8BA554195501}.Debug|Any CPU.Build.0 = Debug|Any CPU
		{8B0490E0-1C36-4202-B063-8BA554195501}.Release|Any CPU.ActiveCfg = Release|Any CPU
		{8B0490E0-1C36-4202-B063-8BA554195501}.Release|Any CPU.Build.0 = Release|Any CPU
		{8987B8C5-5557-41BE-919A-D0CFE297AEBD}.Debug|Any CPU.ActiveCfg = Debug|Any CPU
		{8987B8C5-5557-41BE-919A-D0CFE297AEBD}.Debug|Any CPU.Build.0 = Debug|Any CPU
		{8987B8C5-5557-41BE-919A-D0CFE297AEBD}.Release|Any CPU.ActiveCfg = Release|Any CPU
		{8987B8C5-5557-41BE-919A-D0CFE297AEBD}.Release|Any CPU.Build.0 = Release|Any CPU
	EndGlobalSection
	GlobalSection(SolutionProperties) = preSolution
		HideSolutionNode = FALSE
	EndGlobalSection
	GlobalSection(ExtensibilityGlobals) = postSolution
		SolutionGuid = {C83A2CFD-FF13-43A9-BCBE-DEEBD40FE773}
	EndGlobalSection
EndGlobal
